
Microsoft Visual Studio Solution File, Format Version 12.00
# Visual Studio Version 17
VisualStudioVersion = 17.2.32616.157
MinimumVisualStudioVersion = 10.0.40219.1
Project("{FAE04EC0-301F-11D3-BF4B-00C04F79EFBC}") = "PasswordGenerator", "PasswordGenerator\PasswordGenerator.csproj", "{B67F5F2F-789E-47B3-ACF2-8164C4B6616B}"
EndProject
Global
	GlobalSection(SolutionConfigurationPlatforms) = preSolution
		Debug|Any CPU = Debug|Any CPU
		Release|Any CPU = Release|Any CPU
	EndGlobalSection
	GlobalSection(ProjectConfigurationPlatforms) = postSolution
		{B67F5F2F-789E-47B3-ACF2-8164C4B6616B}.Debug|Any CPU.ActiveCfg = Debug|Any CPU
		{B67F5F2F-789E-47B3-ACF2-8164C4B6616B}.Debug|Any CPU.Build.0 = Debug|Any CPU
		{B67F5F2F-789E-47B3-ACF2-8164C4B6616B}.Release|Any CPU.ActiveCfg = Release|Any CPU
		{B67F5F2F-789E-47B3-ACF2-8164C4B6616B}.Release|Any CPU.Build.0 = Release|Any CPU
	EndGlobalSection
	GlobalSection(SolutionProperties) = preSolution
		HideSolutionNode = FALSE
	EndGlobalSection
	GlobalSection(ExtensibilityGlobals) = postSolution
		SolutionGuid = {AB5B6BE9-BF0E-48B0-BFFE-92BAA233700D}
	EndGlobalSection
EndGlobal
