
Microsoft Visual Studio Solution File, Format Version 12.00
# Visual Studio Version 17
VisualStudioVersion = 17.1.32421.90
MinimumVisualStudioVersion = 10.0.40219.1
Project("{9A19103F-16F7-4668-BE54-9A1E7A4F7556}") = "GUIFactorial", "WinFormsFactorial\GUIFactorial.csproj", "{6566967A-0A6A-4BD1-8AD4-DBC5DC0ABFC4}"
EndProject
Project("{FAE04EC0-301F-11D3-BF4B-00C04F79EFBC}") = "BLLFactorial", "BLLFactorial\BLLFactorial.csproj", "{6D0A84C1-5B6C-4785-AE87-F678C40336CA}"
EndProject
Global
	GlobalSection(SolutionConfigurationPlatforms) = preSolution
		Debug|Any CPU = Debug|Any CPU
		Release|Any CPU = Release|Any CPU
	EndGlobalSection
	GlobalSection(ProjectConfigurationPlatforms) = postSolution
		{6566967A-0A6A-4BD1-8AD4-DBC5DC0ABFC4}.Debug|Any CPU.ActiveCfg = Debug|Any CPU
		{6566967A-0A6A-4BD1-8AD4-DBC5DC0ABFC4}.Debug|Any CPU.Build.0 = Debug|Any CPU
		{6566967A-0A6A-4BD1-8AD4-DBC5DC0ABFC4}.Release|Any CPU.ActiveCfg = Release|Any CPU
		{6566967A-0A6A-4BD1-8AD4-DBC5DC0ABFC4}.Release|Any CPU.Build.0 = Release|Any CPU
		{6D0A84C1-5B6C-4785-AE87-F678C40336CA}.Debug|Any CPU.ActiveCfg = Debug|Any CPU
		{6D0A84C1-5B6C-4785-AE87-F678C40336CA}.Debug|Any CPU.Build.0 = Debug|Any CPU
		{6D0A84C1-5B6C-4785-AE87-F678C40336CA}.Release|Any CPU.ActiveCfg = Release|Any CPU
		{6D0A84C1-5B6C-4785-AE87-F678C40336CA}.Release|Any CPU.Build.0 = Release|Any CPU
	EndGlobalSection
	GlobalSection(SolutionProperties) = preSolution
		HideSolutionNode = FALSE
	EndGlobalSection
	GlobalSection(ExtensibilityGlobals) = postSolution
		SolutionGuid = {5DA192A8-1057-4F9B-A717-10105F36A9CB}
	EndGlobalSection
EndGlobal
