
Microsoft Visual Studio Solution File, Format Version 12.00
# Visual Studio Version 17
VisualStudioVersion = 17.1.32421.90
MinimumVisualStudioVersion = 10.0.40219.1
Project("{9A19103F-16F7-4668-BE54-9A1E7A4F7556}") = "WUI", "WUI\WUI.csproj", "{470A9B1D-C0F3-4D05-8EE4-4D85D4CF5124}"
EndProject
Project("{9A19103F-16F7-4668-BE54-9A1E7A4F7556}") = "DAL", "DAL\DAL.csproj", "{DAB2B8A7-8BE5-4957-9F84-107E4BA3A26F}"
EndProject
Project("{9A19103F-16F7-4668-BE54-9A1E7A4F7556}") = "BLL", "BLL\BLL.csproj", "{962BA484-15F7-46CB-8174-C2C44E9221CE}"
EndProject
Project("{FAE04EC0-301F-11D3-BF4B-00C04F79EFBC}") = "TDDAppPalindrome", "TDDAppPalindrome\TDDAppPalindrome.csproj", "{09722229-762A-4747-B959-5A90E7EB273C}"
EndProject
Global
	GlobalSection(SolutionConfigurationPlatforms) = preSolution
		Debug|Any CPU = Debug|Any CPU
		Release|Any CPU = Release|Any CPU
	EndGlobalSection
	GlobalSection(ProjectConfigurationPlatforms) = postSolution
		{470A9B1D-C0F3-4D05-8EE4-4D85D4CF5124}.Debug|Any CPU.ActiveCfg = Debug|Any CPU
		{470A9B1D-C0F3-4D05-8EE4-4D85D4CF5124}.Debug|Any CPU.Build.0 = Debug|Any CPU
		{470A9B1D-C0F3-4D05-8EE4-4D85D4CF5124}.Release|Any CPU.ActiveCfg = Release|Any CPU
		{470A9B1D-C0F3-4D05-8EE4-4D85D4CF5124}.Release|Any CPU.Build.0 = Release|Any CPU
		{DAB2B8A7-8BE5-4957-9F84-107E4BA3A26F}.Debug|Any CPU.ActiveCfg = Debug|Any CPU
		{DAB2B8A7-8BE5-4957-9F84-107E4BA3A26F}.Debug|Any CPU.Build.0 = Debug|Any CPU
		{DAB2B8A7-8BE5-4957-9F84-107E4BA3A26F}.Release|Any CPU.ActiveCfg = Release|Any CPU
		{DAB2B8A7-8BE5-4957-9F84-107E4BA3A26F}.Release|Any CPU.Build.0 = Release|Any CPU
		{962BA484-15F7-46CB-8174-C2C44E9221CE}.Debug|Any CPU.ActiveCfg = Debug|Any CPU
		{962BA484-15F7-46CB-8174-C2C44E9221CE}.Debug|Any CPU.Build.0 = Debug|Any CPU
		{962BA484-15F7-46CB-8174-C2C44E9221CE}.Release|Any CPU.ActiveCfg = Release|Any CPU
		{962BA484-15F7-46CB-8174-C2C44E9221CE}.Release|Any CPU.Build.0 = Release|Any CPU
		{09722229-762A-4747-B959-5A90E7EB273C}.Debug|Any CPU.ActiveCfg = Debug|Any CPU
		{09722229-762A-4747-B959-5A90E7EB273C}.Debug|Any CPU.Build.0 = Debug|Any CPU
		{09722229-762A-4747-B959-5A90E7EB273C}.Release|Any CPU.ActiveCfg = Release|Any CPU
		{09722229-762A-4747-B959-5A90E7EB273C}.Release|Any CPU.Build.0 = Release|Any CPU
	EndGlobalSection
	GlobalSection(SolutionProperties) = preSolution
		HideSolutionNode = FALSE
	EndGlobalSection
	GlobalSection(ExtensibilityGlobals) = postSolution
		SolutionGuid = {DD1D6D23-9407-4E40-BADC-7E5F38A9EE90}
	EndGlobalSection
EndGlobal
