
Microsoft Visual Studio Solution File, Format Version 12.00
# Visual Studio Version 17
VisualStudioVersion = 17.2.32616.157
MinimumVisualStudioVersion = 10.0.40219.1
Project("{FAE04EC0-301F-11D3-BF4B-00C04F79EFBC}") = "Demo_MVVM_01", "Demo_MVVM_01\Demo_MVVM_01.csproj", "{DF7CC6CF-64B7-4E32-A50E-705F75AB6CAF}"
EndProject
Global
	GlobalSection(SolutionConfigurationPlatforms) = preSolution
		Debug|Any CPU = Debug|Any CPU
		Release|Any CPU = Release|Any CPU
	EndGlobalSection
	GlobalSection(ProjectConfigurationPlatforms) = postSolution
		{DF7CC6CF-64B7-4E32-A50E-705F75AB6CAF}.Debug|Any CPU.ActiveCfg = Debug|Any CPU
		{DF7CC6CF-64B7-4E32-A50E-705F75AB6CAF}.Debug|Any CPU.Build.0 = Debug|Any CPU
		{DF7CC6CF-64B7-4E32-A50E-705F75AB6CAF}.Release|Any CPU.ActiveCfg = Release|Any CPU
		{DF7CC6CF-64B7-4E32-A50E-705F75AB6CAF}.Release|Any CPU.Build.0 = Release|Any CPU
	EndGlobalSection
	GlobalSection(SolutionProperties) = preSolution
		HideSolutionNode = FALSE
	EndGlobalSection
	GlobalSection(ExtensibilityGlobals) = postSolution
		SolutionGuid = {8AB9F933-F016-4D3B-AC3C-83F90CAF58D1}
	EndGlobalSection
EndGlobal
