
Microsoft Visual Studio Solution File, Format Version 12.00
# Visual Studio Version 17
VisualStudioVersion = 17.1.32421.90
MinimumVisualStudioVersion = 10.0.40219.1
Project("{9A19103F-16F7-4668-BE54-9A1E7A4F7556}") = "UsingAdoNet", "UsingAdoNet\UsingAdoNet.csproj", "{998C25E5-3A47-4EF2-A667-8455777295C5}"
EndProject
Project("{FAE04EC0-301F-11D3-BF4B-00C04F79EFBC}") = "AdoNetAvecParam", "AdoNetAvecParam\AdoNetAvecParam.csproj", "{1649E849-BB5A-41ED-8B33-4D2CF93C6F04}"
EndProject
Project("{FAE04EC0-301F-11D3-BF4B-00C04F79EFBC}") = "UsingAdoNetParamCorrect", "UsingAdoNetParamCorrect\UsingAdoNetParamCorrect.csproj", "{39FC4E20-369E-44F6-BB10-C15B072B0CA9}"
EndProject
Global
	GlobalSection(SolutionConfigurationPlatforms) = preSolution
		Debug|Any CPU = Debug|Any CPU
		Release|Any CPU = Release|Any CPU
	EndGlobalSection
	GlobalSection(ProjectConfigurationPlatforms) = postSolution
		{998C25E5-3A47-4EF2-A667-8455777295C5}.Debug|Any CPU.ActiveCfg = Debug|Any CPU
		{998C25E5-3A47-4EF2-A667-8455777295C5}.Debug|Any CPU.Build.0 = Debug|Any CPU
		{998C25E5-3A47-4EF2-A667-8455777295C5}.Release|Any CPU.ActiveCfg = Release|Any CPU
		{998C25E5-3A47-4EF2-A667-8455777295C5}.Release|Any CPU.Build.0 = Release|Any CPU
		{1649E849-BB5A-41ED-8B33-4D2CF93C6F04}.Debug|Any CPU.ActiveCfg = Debug|Any CPU
		{1649E849-BB5A-41ED-8B33-4D2CF93C6F04}.Debug|Any CPU.Build.0 = Debug|Any CPU
		{1649E849-BB5A-41ED-8B33-4D2CF93C6F04}.Release|Any CPU.ActiveCfg = Release|Any CPU
		{1649E849-BB5A-41ED-8B33-4D2CF93C6F04}.Release|Any CPU.Build.0 = Release|Any CPU
		{39FC4E20-369E-44F6-BB10-C15B072B0CA9}.Debug|Any CPU.ActiveCfg = Debug|Any CPU
		{39FC4E20-369E-44F6-BB10-C15B072B0CA9}.Debug|Any CPU.Build.0 = Debug|Any CPU
		{39FC4E20-369E-44F6-BB10-C15B072B0CA9}.Release|Any CPU.ActiveCfg = Release|Any CPU
		{39FC4E20-369E-44F6-BB10-C15B072B0CA9}.Release|Any CPU.Build.0 = Release|Any CPU
	EndGlobalSection
	GlobalSection(SolutionProperties) = preSolution
		HideSolutionNode = FALSE
	EndGlobalSection
	GlobalSection(ExtensibilityGlobals) = postSolution
		SolutionGuid = {4D5DE400-25AC-445F-A3D7-52B126D97874}
	EndGlobalSection
EndGlobal
