
Microsoft Visual Studio Solution File, Format Version 12.00
# Visual Studio Version 17
VisualStudioVersion = 17.1.32421.90
MinimumVisualStudioVersion = 10.0.40219.1
Project("{FAE04EC0-301F-11D3-BF4B-00C04F79EFBC}") = "UsingStringBuilder", "UsingStringBuilder\UsingStringBuilder.csproj", "{ED07E3A9-EB9B-4B6B-9736-7B62E8D8D4CE}"
EndProject
Global
	GlobalSection(SolutionConfigurationPlatforms) = preSolution
		Debug|Any CPU = Debug|Any CPU
		Release|Any CPU = Release|Any CPU
	EndGlobalSection
	GlobalSection(ProjectConfigurationPlatforms) = postSolution
		{ED07E3A9-EB9B-4B6B-9736-7B62E8D8D4CE}.Debug|Any CPU.ActiveCfg = Debug|Any CPU
		{ED07E3A9-EB9B-4B6B-9736-7B62E8D8D4CE}.Debug|Any CPU.Build.0 = Debug|Any CPU
		{ED07E3A9-EB9B-4B6B-9736-7B62E8D8D4CE}.Release|Any CPU.ActiveCfg = Release|Any CPU
		{ED07E3A9-EB9B-4B6B-9736-7B62E8D8D4CE}.Release|Any CPU.Build.0 = Release|Any CPU
	EndGlobalSection
	GlobalSection(SolutionProperties) = preSolution
		HideSolutionNode = FALSE
	EndGlobalSection
	GlobalSection(ExtensibilityGlobals) = postSolution
		SolutionGuid = {C1918E5B-2BC8-49BE-B653-4B5488B7861A}
	EndGlobalSection
EndGlobal
