
Microsoft Visual Studio Solution File, Format Version 12.00
# Visual Studio Version 17
VisualStudioVersion = 17.1.32319.34
MinimumVisualStudioVersion = 10.0.40219.1
Project("{FAE04EC0-301F-11D3-BF4B-00C04F79EFBC}") = "Delegue", "Delegue\Delegue.csproj", "{1D2FCF66-6A72-47DA-A88B-723ED8579387}"
EndProject
Global
	GlobalSection(SolutionConfigurationPlatforms) = preSolution
		Debug|Any CPU = Debug|Any CPU
		Release|Any CPU = Release|Any CPU
	EndGlobalSection
	GlobalSection(ProjectConfigurationPlatforms) = postSolution
		{1D2FCF66-6A72-47DA-A88B-723ED8579387}.Debug|Any CPU.ActiveCfg = Debug|Any CPU
		{1D2FCF66-6A72-47DA-A88B-723ED8579387}.Debug|Any CPU.Build.0 = Debug|Any CPU
		{1D2FCF66-6A72-47DA-A88B-723ED8579387}.Release|Any CPU.ActiveCfg = Release|Any CPU
		{1D2FCF66-6A72-47DA-A88B-723ED8579387}.Release|Any CPU.Build.0 = Release|Any CPU
	EndGlobalSection
	GlobalSection(SolutionProperties) = preSolution
		HideSolutionNode = FALSE
	EndGlobalSection
	GlobalSection(ExtensibilityGlobals) = postSolution
		SolutionGuid = {9E5A83B4-F947-40B2-8F78-1C4EE944830B}
	EndGlobalSection
EndGlobal
